
Microsoft Visual Studio Solution File, Format Version 12.00
# Visual Studio 2015
Project("{FAE04EC0-301F-11D3-BF4B-00C04F79EFBC}") = "Fishin Buddies.CSharp.Plugins", "Fishin Buddies.CSharp.Plugins.csproj", "{68F0D79C-710F-57DC-6955-7A26C843F332}"
EndProject
Project("{FAE04EC0-301F-11D3-BF4B-00C04F79EFBC}") = "Fishin Buddies.CSharp", "Fishin Buddies.CSharp.csproj", "{0A5749CE-7FBB-F863-87E5-9F3D7E5A12B7}"
EndProject
Project("{FAE04EC0-301F-11D3-BF4B-00C04F79EFBC}") = "Fishin Buddies.CSharp.Editor", "Fishin Buddies.CSharp.Editor.csproj", "{FB8ED2FD-0C4A-457E-C242-84A24BF1A14F}"
EndProject
Global
	GlobalSection(SolutionConfigurationPlatforms) = preSolution
		Debug|Any CPU = Debug|Any CPU
		Release|Any CPU = Release|Any CPU
	EndGlobalSection
	GlobalSection(ProjectConfigurationPlatforms) = postSolution
		{68F0D79C-710F-57DC-6955-7A26C843F332}.Debug|Any CPU.ActiveCfg = Debug|Any CPU
		{68F0D79C-710F-57DC-6955-7A26C843F332}.Debug|Any CPU.Build.0 = Debug|Any CPU
		{68F0D79C-710F-57DC-6955-7A26C843F332}.Release|Any CPU.ActiveCfg = Release|Any CPU
		{68F0D79C-710F-57DC-6955-7A26C843F332}.Release|Any CPU.Build.0 = Release|Any CPU
		{0A5749CE-7FBB-F863-87E5-9F3D7E5A12B7}.Debug|Any CPU.ActiveCfg = Debug|Any CPU
		{0A5749CE-7FBB-F863-87E5-9F3D7E5A12B7}.Debug|Any CPU.Build.0 = Debug|Any CPU
		{0A5749CE-7FBB-F863-87E5-9F3D7E5A12B7}.Release|Any CPU.ActiveCfg = Release|Any CPU
		{0A5749CE-7FBB-F863-87E5-9F3D7E5A12B7}.Release|Any CPU.Build.0 = Release|Any CPU
		{FB8ED2FD-0C4A-457E-C242-84A24BF1A14F}.Debug|Any CPU.ActiveCfg = Debug|Any CPU
		{FB8ED2FD-0C4A-457E-C242-84A24BF1A14F}.Debug|Any CPU.Build.0 = Debug|Any CPU
		{FB8ED2FD-0C4A-457E-C242-84A24BF1A14F}.Release|Any CPU.ActiveCfg = Release|Any CPU
		{FB8ED2FD-0C4A-457E-C242-84A24BF1A14F}.Release|Any CPU.Build.0 = Release|Any CPU
	EndGlobalSection
	GlobalSection(SolutionProperties) = preSolution
		HideSolutionNode = FALSE
	EndGlobalSection
EndGlobal
